Microsoft Visual Studio Solution File, Format Version 12.00
# Visual Studio Version 17
VisualStudioVersion = 17.5.2.0
MinimumVisualStudioVersion = 10.0.40219.1
Project("{FAE04EC0-301F-11D3-BF4B-00C04F79EFBC}") = "CafeMenuManager", "CafeMenuManager.csproj", "{0448FAB7-C07E-2B0C-BC83-6D1C9CA89BE3}"
EndProject
Global
	GlobalSection(SolutionConfigurationPlatforms) = preSolution
		Debug|Any CPU = Debug|Any CPU
		Release|Any CPU = Release|Any CPU
	EndGlobalSection
	GlobalSection(ProjectConfigurationPlatforms) = postSolution
		{0448FAB7-C07E-2B0C-BC83-6D1C9CA89BE3}.Debug|Any CPU.ActiveCfg = Debug|Any CPU
		{0448FAB7-C07E-2B0C-BC83-6D1C9CA89BE3}.Debug|Any CPU.Build.0 = Debug|Any CPU
		{0448FAB7-C07E-2B0C-BC83-6D1C9CA89BE3}.Release|Any CPU.ActiveCfg = Release|Any CPU
		{0448FAB7-C07E-2B0C-BC83-6D1C9CA89BE3}.Release|Any CPU.Build.0 = Release|Any CPU
	EndGlobalSection
	GlobalSection(SolutionProperties) = preSolution
		HideSolutionNode = FALSE
	EndGlobalSection
	GlobalSection(ExtensibilityGlobals) = postSolution
		SolutionGuid = {73A127EB-F908-4A10-ABEB-486DFD0AD185}
	EndGlobalSection
EndGlobal
